// !$*UTF8*$!
{
	archiveVersion = 1;
	classes = {
	};
	objectVersion = 55;
	objects = {

/* Begin PBXBuildFile section */
		6EE2174D2874AF5500729470 /* AppDelegate.m in Sources */ = {isa = PBXBuildFile; fileRef = 6EE2174C2874AF5500729470 /* AppDelegate.m */; };
		6EE217502874AF5500729470 /* SceneDelegate.m in Sources */ = {isa = PBXBuildFile; fileRef = 6EE2174F2874AF5500729470 /* SceneDelegate.m */; };
		6EE217532874AF5500729470 /* ViewController.m in Sources */ = {isa = PBXBuildFile; fileRef = 6EE217522874AF5500729470 /* ViewController.m */; };
		6EE217562874AF5500729470 /* Main.storyboard in Resources */ = {isa = PBXBuildFile; fileRef = 6EE217542874AF5500729470 /* Main.storyboard */; };
		6EE217582874AF5700729470 /* Assets.xcassets in Resources */ = {isa = PBXBuildFile; fileRef = 6EE217572874AF5700729470 /* Assets.xcassets */; };
		6EE2175B2874AF5700729470 /* LaunchScreen.storyboard in Resources */ = {isa = PBXBuildFile; fileRef = 6EE217592874AF5700729470 /* LaunchScreen.storyboard */; };
		6EE2175E2874AF5700729470 /* main.m in Sources */ = {isa = PBXBuildFile; fileRef = 6EE2175D2874AF5700729470 /* main.m */; };
		6EE217682874AF5700729470 /* CueTests.m in Sources */ = {isa = PBXBuildFile; fileRef = 6EE217672874AF5700729470 /* CueTests.m */; };
		6EE217722874AF5700729470 /* CueUITests.m in Sources */ = {isa = PBXBuildFile; fileRef = 6EE217712874AF5700729470 /* CueUITests.m */; };
		6EE217742874AF5700729470 /* CueUITestsLaunchTests.m in Sources */ = {isa = PBXBuildFile; fileRef = 6EE217732874AF5700729470 /* CueUITestsLaunchTests.m */; };
/* End PBXBuildFile section */

/* Begin PBXContainerItemProxy section */
		6EE217642874AF5700729470 /* PBXContainerItemProxy */ = {
			isa = PBXContainerItemProxy;
			containerPortal = 6EE217402874AF5500729470 /* Project object */;
			proxyType = 1;
			remoteGlobalIDString = 6EE217472874AF5500729470;
			remoteInfo = Cue;
		};
		6EE2176E2874AF5700729470 /* PBXContainerItemProxy */ = {
			isa = PBXContainerItemProxy;
			containerPortal = 6EE217402874AF5500729470 /* Project object */;
			proxyType = 1;
			remoteGlobalIDString = 6EE217472874AF5500729470;
			remoteInfo = Cue;
		};
/* End PBXContainerItemProxy section */

/* Begin PBXFileReference section */
		6EE217482874AF5500729470 /* Cue.app */ = {isa = PBXFileReference; explicitFileType = wrapper.application; includeInIndex = 0; path = Cue.app; sourceTree = BUILT_PRODUCTS_DIR; };
		6EE2174B2874AF5500729470 /* AppDelegate.h */ = {isa = PBXFileReference; lastKnownFileType = sourcecode.c.h; path = AppDelegate.h; sourceTree = "<group>"; };
		6EE2174C2874AF5500729470 /* AppDelegate.m */ = {isa = PBXFileReference; lastKnownFileType = sourcecode.c.objc; path = AppDelegate.m; sourceTree = "<group>"; };
		6EE2174E2874AF5500729470 /* SceneDelegate.h */ = {isa = PBXFileReference; lastKnownFileType = sourcecode.c.h; path = SceneDelegate.h; sourceTree = "<group>"; };
		6EE2174F2874AF5500729470 /* SceneDelegate.m */ = {isa = PBXFileReference; lastKnownFileType = sourcecode.c.objc; path = SceneDelegate.m; sourceTree = "<group>"; };
		6EE217512874AF5500729470 /* ViewController.h */ = {isa = PBXFileReference; lastKnownFileType = sourcecode.c.h; path = ViewController.h; sourceTree = "<group>"; };
		6EE217522874AF5500729470 /* ViewController.m */ = {isa = PBXFileReference; lastKnownFileType = sourcecode.c.objc; path = ViewController.m; sourceTree = "<group>"; };
		6EE217552874AF5500729470 /* Base */ = {isa = PBXFileReference; lastKnownFileType = file.storyboard; name = Base; path = Base.lproj/Main.storyboard; sourceTree = "<group>"; };
		6EE217572874AF5700729470 /* Assets.xcassets */ = {isa = PBXFileReference; lastKnownFileType = folder.assetcatalog; path = Assets.xcassets; sourceTree = "<group>"; };
		6EE2175A2874AF5700729470 /* Base */ = {isa = PBXFileReference; lastKnownFileType = file.storyboard; name = Base; path = Base.lproj/LaunchScreen.storyboard; sourceTree = "<group>"; };
		6EE2175C2874AF5700729470 /* Info.plist */ = {isa = PBXFileReference; lastKnownFileType = text.plist.xml; path = Info.plist; sourceTree = "<group>"; };
		6EE2175D2874AF5700729470 /* main.m */ = {isa = PBXFileReference; lastKnownFileType = sourcecode.c.objc; path = main.m; sourceTree = "<group>"; };
		6EE217632874AF5700729470 /* CueTests.xctest */ = {isa = PBXFileReference; explicitFileType = wrapper.cfbundle; includeInIndex = 0; path = CueTests.xctest; sourceTree = BUILT_PRODUCTS_DIR; };
		6EE217672874AF5700729470 /* CueTests.m */ = {isa = PBXFileReference; lastKnownFileType = sourcecode.c.objc; path = CueTests.m; sourceTree = "<group>"; };
		6EE2176D2874AF5700729470 /* CueUITests.xctest */ = {isa = PBXFileReference; explicitFileType = wrapper.cfbundle; includeInIndex = 0; path = CueUITests.xctest; sourceTree = BUILT_PRODUCTS_DIR; };
		6EE217712874AF5700729470 /* CueUITests.m */ = {isa = PBXFileReference; lastKnownFileType = sourcecode.c.objc; path = CueUITests.m; sourceTree = "<group>"; };
		6EE217732874AF5700729470 /* CueUITestsLaunchTests.m */ = {isa = PBXFileReference; lastKnownFileType = sourcecode.c.objc; path = CueUITestsLaunchTests.m; sourceTree = "<group>"; };
/* End PBXFileReference section */

/* Begin PBXFrameworksBuildPhase section */
		6EE217452874AF5500729470 /* Frameworks */ = {
			isa = PBXFrameworksBuildPhase;
			buildActionMask = 2147483647;
			files = (
			);
			runOnlyForDeploymentPostprocessing = 0;
		};
		6EE217602874AF5700729470 /* Frameworks */ = {
			isa = PBXFrameworksBuildPhase;
			buildActionMask = 2147483647;
			files = (
			);
			runOnlyForDeploymentPostprocessing = 0;
		};
		6EE2176A2874AF5700729470 /* Frameworks */ = {
			isa = PBXFrameworksBuildPhase;
			buildActionMask = 2147483647;
			files = (
			);
			runOnlyForDeploymentPostprocessing = 0;
		};
/* End PBXFrameworksBuildPhase section */

/* Begin PBXGroup section */
		6EE2173F2874AF5500729470 = {
			isa = PBXGroup;
			children = (
				6EE2174A2874AF5500729470 /* Cue */,
				6EE217662874AF5700729470 /* CueTests */,
				6EE217702874AF5700729470 /* CueUITests */,
				6EE217492874AF5500729470 /* Products */,
			);
			sourceTree = "<group>";
		};
		6EE217492874AF5500729470 /* Products */ = {
			isa = PBXGroup;
			children = (
				6EE217482874AF5500729470 /* Cue.app */,
				6EE217632874AF5700729470 /* CueTests.xctest */,
				6EE2176D2874AF5700729470 /* CueUITests.xctest */,
			);
			name = Products;
			sourceTree = "<group>";
		};
		6EE2174A2874AF5500729470 /* Cue */ = {
			isa = PBXGroup;
			children = (
				6EE2174B2874AF5500729470 /* AppDelegate.h */,
				6EE2174C2874AF5500729470 /* AppDelegate.m */,
				6EE2174E2874AF5500729470 /* SceneDelegate.h */,
				6EE2174F2874AF5500729470 /* SceneDelegate.m */,
				6EE217512874AF5500729470 /* ViewController.h */,
				6EE217522874AF5500729470 /* ViewController.m */,
				6EE217542874AF5500729470 /* Main.storyboard */,
				6EE217572874AF5700729470 /* Assets.xcassets */,
				6EE217592874AF5700729470 /* LaunchScreen.storyboard */,
				6EE2175C2874AF5700729470 /* Info.plist */,
				6EE2175D2874AF5700729470 /* main.m */,
			);
			path = Cue;
			sourceTree = "<group>";
		};
		6EE217662874AF5700729470 /* CueTests */ = {
			isa = PBXGroup;
			children = (
				6EE217672874AF5700729470 /* CueTests.m */,
			);
			path = CueTests;
			sourceTree = "<group>";
		};
		6EE217702874AF5700729470 /* CueUITests */ = {
			isa = PBXGroup;
			children = (
				6EE217712874AF5700729470 /* CueUITests.m */,
				6EE217732874AF5700729470 /* CueUITestsLaunchTests.m */,
			);
			path = CueUITests;
			sourceTree = "<group>";
		};
/* End PBXGroup section */

/* Begin PBXNativeTarget section */
		6EE217472874AF5500729470 /* Cue */ = {
			isa = PBXNativeTarget;
			buildConfigurationList = 6EE217772874AF5700729470 /* Build configuration list for PBXNativeTarget "Cue" */;
			buildPhases = (
				6EE217442874AF5500729470 /* Sources */,
				6EE217452874AF5500729470 /* Frameworks */,
				6EE217462874AF5500729470 /* Resources */,
			);
			buildRules = (
			);
			dependencies = (
			);
			name = Cue;
			productName = Cue;
			productReference = 6EE217482874AF5500729470 /* Cue.app */;
			productType = "com.apple.product-type.application";
		};
		6EE217622874AF5700729470 /* CueTests */ = {
			isa = PBXNativeTarget;
			buildConfigurationList = 6EE2177A2874AF5700729470 /* Build configuration list for PBXNativeTarget "CueTests" */;
			buildPhases = (
				6EE2175F2874AF5700729470 /* Sources */,
				6EE217602874AF5700729470 /* Frameworks */,
				6EE217612874AF5700729470 /* Resources */,
			);
			buildRules = (
			);
			dependencies = (
				6EE217652874AF5700729470 /* PBXTargetDependency */,
			);
			name = CueTests;
			productName = CueTests;
			productReference = 6EE217632874AF5700729470 /* CueTests.xctest */;
			productType = "com.apple.product-type.bundle.unit-test";
		};
		6EE2176C2874AF5700729470 /* CueUITests */ = {
			isa = PBXNativeTarget;
			buildConfigurationList = 6EE2177D2874AF5700729470 /* Build configuration list for PBXNativeTarget "CueUITests" */;
			buildPhases = (
				6EE217692874AF5700729470 /* Sources */,
				6EE2176A2874AF5700729470 /* Frameworks */,
				6EE2176B2874AF5700729470 /* Resources */,
			);
			buildRules = (
			);
			dependencies = (
				6EE2176F2874AF5700729470 /* PBXTargetDependency */,
			);
			name = CueUITests;
			productName = CueUITests;
			productReference = 6EE2176D2874AF5700729470 /* CueUITests.xctest */;
			productType = "com.apple.product-type.bundle.ui-testing";
		};
/* End PBXNativeTarget section */

/* Begin PBXProject section */
		6EE217402874AF5500729470 /* Project object */ = {
			isa = PBXProject;
			attributes = {
				BuildIndependentTargetsInParallel = 1;
				LastUpgradeCheck = 1340;
				TargetAttributes = {
					6EE217472874AF5500729470 = {
						CreatedOnToolsVersion = 13.4.1;
					};
					6EE217622874AF5700729470 = {
						CreatedOnToolsVersion = 13.4.1;
						TestTargetID = 6EE217472874AF5500729470;
					};
					6EE2176C2874AF5700729470 = {
						CreatedOnToolsVersion = 13.4.1;
						TestTargetID = 6EE217472874AF5500729470;
					};
				};
			};
			buildConfigurationList = 6EE217432874AF5500729470 /* Build configuration list for PBXProject "Cue" */;
			compatibilityVersion = "Xcode 13.0";
			developmentRegion = en;
			hasScannedForEncodings = 0;
			knownRegions = (
				en,
				Base,
			);
			mainGroup = 6EE2173F2874AF5500729470;
			productRefGroup = 6EE217492874AF5500729470 /* Products */;
			projectDirPath = "";
			projectRoot = "";
			targets = (
				6EE217472874AF5500729470 /* Cue */,
				6EE217622874AF5700729470 /* CueTests */,
				6EE2176C2874AF5700729470 /* CueUITests */,
			);
		};
/* End PBXProject section */

/* Begin PBXResourcesBuildPhase section */
		6EE217462874AF5500729470 /* Resources */ = {
			isa = PBXResourcesBuildPhase;
			buildActionMask = 2147483647;
			files = (
				6EE2175B2874AF5700729470 /* LaunchScreen.storyboard in Resources */,
				6EE217582874AF5700729470 /* Assets.xcassets in Resources */,
				6EE217562874AF5500729470 /* Main.storyboard in Resources */,
			);
			runOnlyForDeploymentPostprocessing = 0;
		};
		6EE217612874AF5700729470 /* Resources */ = {
			isa = PBXResourcesBuildPhase;
			buildActionMask = 2147483647;
			files = (
			);
			runOnlyForDeploymentPostprocessing = 0;
		};
		6EE2176B2874AF5700729470 /* Resources */ = {
			isa = PBXResourcesBuildPhase;
			buildActionMask = 2147483647;
			files = (
			);
			runOnlyForDeploymentPostprocessing = 0;
		};
/* End PBXResourcesBuildPhase section */

/* Begin PBXSourcesBuildPhase section */
		6EE217442874AF5500729470 /* Sources */ = {
			isa = PBXSourcesBuildPhase;
			buildActionMask = 2147483647;
			files = (
				6EE217532874AF5500729470 /* ViewController.m in Sources */,
				6EE2174D2874AF5500729470 /* AppDelegate.m in Sources */,
				6EE2175E2874AF5700729470 /* main.m in Sources */,
				6EE217502874AF5500729470 /* SceneDelegate.m in Sources */,
			);
			runOnlyForDeploymentPostprocessing = 0;
		};
		6EE2175F2874AF5700729470 /* Sources */ = {
			isa = PBXSourcesBuildPhase;
			buildActionMask = 2147483647;
			files = (
				6EE217682874AF5700729470 /* CueTests.m in Sources */,
			);
			runOnlyForDeploymentPostprocessing = 0;
		};
		6EE217692874AF5700729470 /* Sources */ = {
			isa = PBXSourcesBuildPhase;
			buildActionMask = 2147483647;
			files = (
				6EE217742874AF5700729470 /* CueUITestsLaunchTests.m in Sources */,
				6EE217722874AF5700729470 /* CueUITests.m in Sources */,
			);
			runOnlyForDeploymentPostprocessing = 0;
		};
/* End PBXSourcesBuildPhase section */

/* Begin PBXTargetDependency section */
		6EE217652874AF5700729470 /* PBXTargetDependency */ = {
			isa = PBXTargetDependency;
			target = 6EE217472874AF5500729470 /* Cue */;
			targetProxy = 6EE217642874AF5700729470 /* PBXContainerItemProxy */;
		};
		6EE2176F2874AF5700729470 /* PBXTargetDependency */ = {
			isa = PBXTargetDependency;
			target = 6EE217472874AF5500729470 /* Cue */;
			targetProxy = 6EE2176E2874AF5700729470 /* PBXContainerItemProxy */;
		};
/* End PBXTargetDependency section */

/* Begin PBXVariantGroup section */
		6EE217542874AF5500729470 /* Main.storyboard */ = {
			isa = PBXVariantGroup;
			children = (
				6EE217552874AF5500729470 /* Base */,
			);
			name = Main.storyboard;
			sourceTree = "<group>";
		};
		6EE217592874AF5700729470 /* LaunchScreen.storyboard */ = {
			isa = PBXVariantGroup;
			children = (
				6EE2175A2874AF5700729470 /* Base */,
			);
			name = LaunchScreen.storyboard;
			sourceTree = "<group>";
		};
/* End PBXVariantGroup section */

/* Begin XCBuildConfiguration section */
		6EE217752874AF5700729470 /* Debug */ = {
			isa = XCBuildConfiguration;
			buildSettings = {
				ALWAYS_SEARCH_USER_PATHS = NO;
				CLANG_ANALYZER_NONNULL = YES;
				CLANG_ANALYZER_NUMBER_OBJECT_CONVERSION = YES_AGGRESSIVE;
				CLANG_CXX_LANGUAGE_STANDARD = "gnu++17";
				CLANG_ENABLE_MODULES = YES;
				CLANG_ENABLE_OBJC_ARC = YES;
				CLANG_ENABLE_OBJC_WEAK = YES;
				CLANG_WARN_BLOCK_CAPTURE_AUTORELEASING = YES;
				CLANG_WARN_BOOL_CONVERSION = YES;
				CLANG_WARN_COMMA = YES;
				CLANG_WARN_CONSTANT_CONVERSION = YES;
				CLANG_WARN_DEPRECATED_OBJC_IMPLEMENTATIONS = YES;
				CLANG_WARN_DIRECT_OBJC_ISA_USAGE = YES_ERROR;
				CLANG_WARN_DOCUMENTATION_COMMENTS = YES;
				CLANG_WARN_EMPTY_BODY = YES;
				CLANG_WARN_ENUM_CONVERSION = YES;
				CLANG_WARN_INFINITE_RECURSION = YES;
				CLANG_WARN_INT_CONVERSION = YES;
				CLANG_WARN_NON_LITERAL_NULL_CONVERSION = YES;
				CLANG_WARN_OBJC_IMPLICIT_RETAIN_SELF = YES;
				CLANG_WARN_OBJC_LITERAL_CONVERSION = YES;
				CLANG_WARN_OBJC_ROOT_CLASS = YES_ERROR;
				CLANG_WARN_QUOTED_INCLUDE_IN_FRAMEWORK_HEADER = YES;
				CLANG_WARN_RANGE_LOOP_ANALYSIS = YES;
				CLANG_WARN_STRICT_PROTOTYPES = YES;
				CLANG_WARN_SUSPICIOUS_MOVE = YES;
				CLANG_WARN_UNGUARDED_AVAILABILITY = YES_AGGRESSIVE;
				CLANG_WARN_UNREACHABLE_CODE = YES;
				CLANG_WARN__DUPLICATE_METHOD_MATCH = YES;
				COPY_PHASE_STRIP = NO;
				DEBUG_INFORMATION_FORMAT = dwarf;
				ENABLE_STRICT_OBJC_MSGSEND = YES;
				ENABLE_TESTABILITY = YES;
				GCC_C_LANGUAGE_STANDARD = gnu11;
				GCC_DYNAMIC_NO_PIC = NO;
				GCC_NO_COMMON_BLOCKS = YES;
				GCC_OPTIMIZATION_LEVEL = 0;
				GCC_PREPROCESSOR_DEFINITIONS = (
					"DEBUG=1",
					"$(inherited)",
				);
				GCC_WARN_64_TO_32_BIT_CONVERSION = YES;
				GCC_WARN_ABOUT_RETURN_TYPE = YES_ERROR;
				GCC_WARN_UNDECLARED_SELECTOR = YES;
				GCC_WARN_UNINITIALIZED_AUTOS = YES_AGGRESSIVE;
				GCC_WARN_UNUSED_FUNCTION = YES;
				GCC_WARN_UNUSED_VARIABLE = YES;
				IPHONEOS_DEPLOYMENT_TARGET = 15.5;
				MTL_ENABLE_DEBUG_INFO = INCLUDE_SOURCE;
				MTL_FAST_MATH = YES;
				ONLY_ACTIVE_ARCH = YES;
				SDKROOT = iphoneos;
			};
			name = Debug;
		};
		6EE217762874AF5700729470 /* Release */ = {
			isa = XCBuildConfiguration;
			buildSettings = {
				ALWAYS_SEARCH_USER_PATHS = NO;
				CLANG_ANALYZER_NONNULL = YES;
				CLANG_ANALYZER_NUMBER_OBJECT_CONVERSION = YES_AGGRESSIVE;
				CLANG_CXX_LANGUAGE_STANDARD = "gnu++17";
				CLANG_ENABLE_MODULES = YES;
				CLANG_ENABLE_OBJC_ARC = YES;
				CLANG_ENABLE_OBJC_WEAK = YES;
				CLANG_WARN_BLOCK_CAPTURE_AUTORELEASING = YES;
				CLANG_WARN_BOOL_CONVERSION = YES;
				CLANG_WARN_COMMA = YES;
				CLANG_WARN_CONSTANT_CONVERSION = YES;
				CLANG_WARN_DEPRECATED_OBJC_IMPLEMENTATIONS = YES;
				CLANG_WARN_DIRECT_OBJC_ISA_USAGE = YES_ERROR;
				CLANG_WARN_DOCUMENTATION_COMMENTS = YES;
				CLANG_WARN_EMPTY_BODY = YES;
				CLANG_WARN_ENUM_CONVERSION = YES;
				CLANG_WARN_INFINITE_RECURSION = YES;
				CLANG_WARN_INT_CONVERSION = YES;
				CLANG_WARN_NON_LITERAL_NULL_CONVERSION = YES;
				CLANG_WARN_OBJC_IMPLICIT_RETAIN_SELF = YES;
				CLANG_WARN_OBJC_LITERAL_CONVERSION = YES;
				CLANG_WARN_OBJC_ROOT_CLASS = YES_ERROR;
				CLANG_WARN_QUOTED_INCLUDE_IN_FRAMEWORK_HEADER = YES;
				CLANG_WARN_RANGE_LOOP_ANALYSIS = YES;
				CLANG_WARN_STRICT_PROTOTYPES = YES;
				CLANG_WARN_SUSPICIOUS_MOVE = YES;
				CLANG_WARN_UNGUARDED_AVAILABILITY = YES_AGGRESSIVE;
				CLANG_WARN_UNREACHABLE_CODE = YES;
				CLANG_WARN__DUPLICATE_METHOD_MATCH = YES;
				COPY_PHASE_STRIP = NO;
				DEBUG_INFORMATION_FORMAT = "dwarf-with-dsym";
				ENABLE_NS_ASSERTIONS = NO;
				ENABLE_STRICT_OBJC_MSGSEND = YES;
				GCC_C_LANGUAGE_STANDARD = gnu11;
				GCC_NO_COMMON_BLOCKS = YES;
				GCC_WARN_64_TO_32_BIT_CONVERSION = YES;
				GCC_WARN_ABOUT_RETURN_TYPE = YES_ERROR;
				GCC_WARN_UNDECLARED_SELECTOR = YES;
				GCC_WARN_UNINITIALIZED_AUTOS = YES_AGGRESSIVE;
				GCC_WARN_UNUSED_FUNCTION = YES;
				GCC_WARN_UNUSED_VARIABLE = YES;
				IPHONEOS_DEPLOYMENT_TARGET = 15.5;
				MTL_ENABLE_DEBUG_INFO = NO;
				MTL_FAST_MATH = YES;
				SDKROOT = iphoneos;
				VALIDATE_PRODUCT = YES;
			};
			name = Release;
		};
		6EE217782874AF5700729470 /* Debug */ = {
			isa = XCBuildConfiguration;
			buildSettings = {
				ASSETCATALOG_COMPILER_APPICON_NAME = AppIcon;
				ASSETCATALOG_COMPILER_GLOBAL_ACCENT_COLOR_NAME = AccentColor;
				CODE_SIGN_STYLE = Automatic;
				CURRENT_PROJECT_VERSION = 1;
				DEVELOPMENT_TEAM = BSPABJ65H3;
				GENERATE_INFOPLIST_FILE = YES;
				INFOPLIST_FILE = Cue/Info.plist;
				INFOPLIST_KEY_UIApplicationSupportsIndirectInputEvents = YES;
				INFOPLIST_KEY_UILaunchStoryboardName = LaunchScreen;
				INFOPLIST_KEY_UIMainStoryboardFile = Main;
				INFOPLIST_KEY_UISupportedInterfaceOrientations_iPad = "UIInterfaceOrientationPortrait UIInterfaceOrientationPortraitUpsideDown UIInterfaceOrientationLandscapeLeft UIInterfaceOrientationLandscapeRight";
				INFOPLIST_KEY_UISupportedInterfaceOrientations_iPhone = "UIInterfaceOrientationPortrait UIInterfaceOrientationLandscapeLeft UIInterfaceOrientationLandscapeRight";
				LD_RUNPATH_SEARCH_PATHS = (
					"$(inherited)",
					"@executable_path/Frameworks",
				);
				MARKETING_VERSION = 1.0;
				PRODUCT_BUNDLE_IDENTIFIER = com.codepath.Cue;
				PRODUCT_NAME = "$(TARGET_NAME)";
				SWIFT_EMIT_LOC_STRINGS = YES;
				TARGETED_DEVICE_FAMILY = "1,2";
			};
			name = Debug;
		};
		6EE217792874AF5700729470 /* Release */ = {
			isa = XCBuildConfiguration;
			buildSettings = {
				ASSETCATALOG_COMPILER_APPICON_NAME = AppIcon;
				ASSETCATALOG_COMPILER_GLOBAL_ACCENT_COLOR_NAME = AccentColor;
				CODE_SIGN_STYLE = Automatic;
				CURRENT_PROJECT_VERSION = 1;
				DEVELOPMENT_TEAM = BSPABJ65H3;
				GENERATE_INFOPLIST_FILE = YES;
				INFOPLIST_FILE = Cue/Info.plist;
				INFOPLIST_KEY_UIApplicationSupportsIndirectInputEvents = YES;
				INFOPLIST_KEY_UILaunchStoryboardName = LaunchScreen;
				INFOPLIST_KEY_UIMainStoryboardFile = Main;
				INFOPLIST_KEY_UISupportedInterfaceOrientations_iPad = "UIInterfaceOrientationPortrait UIInterfaceOrientationPortraitUpsideDown UIInterfaceOrientationLandscapeLeft UIInterfaceOrientationLandscapeRight";
				INFOPLIST_KEY_UISupportedInterfaceOrientations_iPhone = "UIInterfaceOrientationPortrait UIInterfaceOrientationLandscapeLeft UIInterfaceOrientationLandscapeRight";
				LD_RUNPATH_SEARCH_PATHS = (
					"$(inherited)",
					"@executable_path/Frameworks",
				);
				MARKETING_VERSION = 1.0;
				PRODUCT_BUNDLE_IDENTIFIER = com.codepath.Cue;
				PRODUCT_NAME = "$(TARGET_NAME)";
				SWIFT_EMIT_LOC_STRINGS = YES;
				TARGETED_DEVICE_FAMILY = "1,2";
			};
			name = Release;
		};
		6EE2177B2874AF5700729470 /* Debug */ = {
			isa = XCBuildConfiguration;
			buildSettings = {
				BUNDLE_LOADER = "$(TEST_HOST)";
				CODE_SIGN_STYLE = Automatic;
				CURRENT_PROJECT_VERSION = 1;
				DEVELOPMENT_TEAM = BSPABJ65H3;
				GENERATE_INFOPLIST_FILE = YES;
				IPHONEOS_DEPLOYMENT_TARGET = 15.5;
				MARKETING_VERSION = 1.0;
				PRODUCT_BUNDLE_IDENTIFIER = com.codepath.CueTests;
				PRODUCT_NAME = "$(TARGET_NAME)";
				SWIFT_EMIT_LOC_STRINGS = NO;
				TARGETED_DEVICE_FAMILY = "1,2";
				TEST_HOST = "$(BUILT_PRODUCTS_DIR)/Cue.app/Cue";
			};
			name = Debug;
		};
		6EE2177C2874AF5700729470 /* Release */ = {
			isa = XCBuildConfiguration;
			buildSettings = {
				BUNDLE_LOADER = "$(TEST_HOST)";
				CODE_SIGN_STYLE = Automatic;
				CURRENT_PROJECT_VERSION = 1;
				DEVELOPMENT_TEAM = BSPABJ65H3;
				GENERATE_INFOPLIST_FILE = YES;
				IPHONEOS_DEPLOYMENT_TARGET = 15.5;
				MARKETING_VERSION = 1.0;
				PRODUCT_BUNDLE_IDENTIFIER = com.codepath.CueTests;
				PRODUCT_NAME = "$(TARGET_NAME)";
				SWIFT_EMIT_LOC_STRINGS = NO;
				TARGETED_DEVICE_FAMILY = "1,2";
				TEST_HOST = "$(BUILT_PRODUCTS_DIR)/Cue.app/Cue";
			};
			name = Release;
		};
		6EE2177E2874AF5700729470 /* Debug */ = {
			isa = XCBuildConfiguration;
			buildSettings = {
				CODE_SIGN_STYLE = Automatic;
				CURRENT_PROJECT_VERSION = 1;
				DEVELOPMENT_TEAM = BSPABJ65H3;
				GENERATE_INFOPLIST_FILE = YES;
				MARKETING_VERSION = 1.0;
				PRODUCT_BUNDLE_IDENTIFIER = com.codepath.CueUITests;
				PRODUCT_NAME = "$(TARGET_NAME)";
				SWIFT_EMIT_LOC_STRINGS = NO;
				TARGETED_DEVICE_FAMILY = "1,2";
				TEST_TARGET_NAME = Cue;
			};
			name = Debug;
		};
		6EE2177F2874AF5700729470 /* Release */ = {
			isa = XCBuildConfiguration;
			buildSettings = {
				CODE_SIGN_STYLE = Automatic;
				CURRENT_PROJECT_VERSION = 1;
				DEVELOPMENT_TEAM = BSPABJ65H3;
				GENERATE_INFOPLIST_FILE = YES;
				MARKETING_VERSION = 1.0;
				PRODUCT_BUNDLE_IDENTIFIER = com.codepath.CueUITests;
				PRODUCT_NAME = "$(TARGET_NAME)";
				SWIFT_EMIT_LOC_STRINGS = NO;
				TARGETED_DEVICE_FAMILY = "1,2";
				TEST_TARGET_NAME = Cue;
			};
			name = Release;
		};
/* End XCBuildConfiguration section */

/* Begin XCConfigurationList section */
		6EE217432874AF5500729470 /* Build configuration list for PBXProject "Cue" */ = {
			isa = XCConfigurationList;
			buildConfigurations = (
				6EE217752874AF5700729470 /* Debug */,
				6EE217762874AF5700729470 /* Release */,
			);
			defaultConfigurationIsVisible = 0;
			defaultConfigurationName = Release;
		};
		6EE217772874AF5700729470 /* Build configuration list for PBXNativeTarget "Cue" */ = {
			isa = XCConfigurationList;
			buildConfigurations = (
				6EE217782874AF5700729470 /* Debug */,
				6EE217792874AF5700729470 /* Release */,
			);
			defaultConfigurationIsVisible = 0;
			defaultConfigurationName = Release;
		};
		6EE2177A2874AF5700729470 /* Build configuration list for PBXNativeTarget "CueTests" */ = {
			isa = XCConfigurationList;
			buildConfigurations = (
				6EE2177B2874AF5700729470 /* Debug */,
				6EE2177C2874AF5700729470 /* Release */,
			);
			defaultConfigurationIsVisible = 0;
			defaultConfigurationName = Release;
		};
		6EE2177D2874AF5700729470 /* Build configuration list for PBXNativeTarget "CueUITests" */ = {
			isa = XCConfigurationList;
			buildConfigurations = (
				6EE2177E2874AF5700729470 /* Debug */,
				6EE2177F2874AF5700729470 /* Release */,
			);
			defaultConfigurationIsVisible = 0;
			defaultConfigurationName = Release;
		};
/* End XCConfigurationList section */
	};
	rootObject = 6EE217402874AF5500729470 /* Project object */;
}
