// !$*UTF8*$!
{
	archiveVersion = 1;
	classes = {
	};
	objectVersion = 55;
	objects = {

/* Begin PBXBuildFile section */
		1CC17E72800391734ED96F89 /* Pods_Cue_CueUITests.framework in Frameworks */ = {isa = PBXBuildFile; fileRef = 381F8C34AA5B43015E63A6EA /* Pods_Cue_CueUITests.framework */; };
		35962B66FC04D079057943C0 /* Pods_CueTests.framework in Frameworks */ = {isa = PBXBuildFile; fileRef = 1924470FCB191FA67DA31E93 /* Pods_CueTests.framework */; };
		6E9B464E28808CFD00B491C2 /* Keys.plist in Resources */ = {isa = PBXBuildFile; fileRef = 6E9B464D28808CFD00B491C2 /* Keys.plist */; };
		6E9B46512880ABF000B491C2 /* CueCell.m in Sources */ = {isa = PBXBuildFile; fileRef = 6E9B46502880ABF000B491C2 /* CueCell.m */; };
		6E9B46552886168C00B491C2 /* MyAuth.m in Sources */ = {isa = PBXBuildFile; fileRef = 6E9B46542886168C00B491C2 /* MyAuth.m */; };
		6EE2174D2874AF5500729470 /* AppDelegate.m in Sources */ = {isa = PBXBuildFile; fileRef = 6EE2174C2874AF5500729470 /* AppDelegate.m */; };
		6EE217502874AF5500729470 /* SceneDelegate.m in Sources */ = {isa = PBXBuildFile; fileRef = 6EE2174F2874AF5500729470 /* SceneDelegate.m */; };
		6EE217562874AF5500729470 /* Main.storyboard in Resources */ = {isa = PBXBuildFile; fileRef = 6EE217542874AF5500729470 /* Main.storyboard */; };
		6EE217582874AF5700729470 /* Assets.xcassets in Resources */ = {isa = PBXBuildFile; fileRef = 6EE217572874AF5700729470 /* Assets.xcassets */; };
		6EE2175B2874AF5700729470 /* LaunchScreen.storyboard in Resources */ = {isa = PBXBuildFile; fileRef = 6EE217592874AF5700729470 /* LaunchScreen.storyboard */; };
		6EE2175E2874AF5700729470 /* main.m in Sources */ = {isa = PBXBuildFile; fileRef = 6EE2175D2874AF5700729470 /* main.m */; };
		6EE217682874AF5700729470 /* CueTests.m in Sources */ = {isa = PBXBuildFile; fileRef = 6EE217672874AF5700729470 /* CueTests.m */; };
		6EE217722874AF5700729470 /* CueUITests.m in Sources */ = {isa = PBXBuildFile; fileRef = 6EE217712874AF5700729470 /* CueUITests.m */; };
		6EE217742874AF5700729470 /* CueUITestsLaunchTests.m in Sources */ = {isa = PBXBuildFile; fileRef = 6EE217732874AF5700729470 /* CueUITestsLaunchTests.m */; };
		6EE217832875FAE300729470 /* LoginViewController.m in Sources */ = {isa = PBXBuildFile; fileRef = 6EE217822875FAE300729470 /* LoginViewController.m */; };
		6EE2178728760B3900729470 /* ProfileViewController.m in Sources */ = {isa = PBXBuildFile; fileRef = 6EE2178628760B3900729470 /* ProfileViewController.m */; };
		6EE2178A28760D9900729470 /* SignUpViewController.m in Sources */ = {isa = PBXBuildFile; fileRef = 6EE2178928760D9900729470 /* SignUpViewController.m */; };
		6EE2178D2876119F00729470 /* HomeViewController.m in Sources */ = {isa = PBXBuildFile; fileRef = 6EE2178C2876119F00729470 /* HomeViewController.m */; };
		6EE2179028762E5F00729470 /* ComposeViewController.m in Sources */ = {isa = PBXBuildFile; fileRef = 6EE2178F28762E5F00729470 /* ComposeViewController.m */; };
		6EE21797287651BE00729470 /* EventCell.m in Sources */ = {isa = PBXBuildFile; fileRef = 6EE21796287651BE00729470 /* EventCell.m */; };
		6EE2179D2877A4B800729470 /* Event.m in Sources */ = {isa = PBXBuildFile; fileRef = 6EE2179C2877A4B800729470 /* Event.m */; };
		6EE217A6287CA1AB00729470 /* UserNotifications.framework in Frameworks */ = {isa = PBXBuildFile; fileRef = 6EE217A5287CA1AB00729470 /* UserNotifications.framework */; };
		6EE217A9287CE6C600729470 /* DetailsViewController.m in Sources */ = {isa = PBXBuildFile; fileRef = 6EE217A8287CE6C600729470 /* DetailsViewController.m */; };
		6EE217AC287CEBBF00729470 /* SuggestionCell.m in Sources */ = {isa = PBXBuildFile; fileRef = 6EE217AB287CEBBF00729470 /* SuggestionCell.m */; };
		6EE217B5287E12EF00729470 /* Suggestion.m in Sources */ = {isa = PBXBuildFile; fileRef = 6EE217B4287E12EF00729470 /* Suggestion.m */; };
		6EE217B8287E1BBD00729470 /* YelpClient.m in Sources */ = {isa = PBXBuildFile; fileRef = 6EE217B7287E1BBD00729470 /* YelpClient.m */; };
		BC525BC1669439F8C67CA526 /* Pods_Cue.framework in Frameworks */ = {isa = PBXBuildFile; fileRef = DC8DEBA59AADBE0E3A0AECDD /* Pods_Cue.framework */; };
/* End PBXBuildFile section */

/* Begin PBXContainerItemProxy section */
		6EE217642874AF5700729470 /* PBXContainerItemProxy */ = {
			isa = PBXContainerItemProxy;
			containerPortal = 6EE217402874AF5500729470 /* Project object */;
			proxyType = 1;
			remoteGlobalIDString = 6EE217472874AF5500729470;
			remoteInfo = Cue;
		};
		6EE2176E2874AF5700729470 /* PBXContainerItemProxy */ = {
			isa = PBXContainerItemProxy;
			containerPortal = 6EE217402874AF5500729470 /* Project object */;
			proxyType = 1;
			remoteGlobalIDString = 6EE217472874AF5500729470;
			remoteInfo = Cue;
		};
/* End PBXContainerItemProxy section */

/* Begin PBXFileReference section */
		1924470FCB191FA67DA31E93 /* Pods_CueTests.framework */ = {isa = PBXFileReference; explicitFileType = wrapper.framework; includeInIndex = 0; path = Pods_CueTests.framework; sourceTree = BUILT_PRODUCTS_DIR; };
		29C46E782F67670DD93A5A15 /* Pods-Cue-CueUITests.debug.xcconfig */ = {isa = PBXFileReference; includeInIndex = 1; lastKnownFileType = text.xcconfig; name = "Pods-Cue-CueUITests.debug.xcconfig"; path = "Target Support Files/Pods-Cue-CueUITests/Pods-Cue-CueUITests.debug.xcconfig"; sourceTree = "<group>"; };
		381F8C34AA5B43015E63A6EA /* Pods_Cue_CueUITests.framework */ = {isa = PBXFileReference; explicitFileType = wrapper.framework; includeInIndex = 0; path = Pods_Cue_CueUITests.framework; sourceTree = BUILT_PRODUCTS_DIR; };
		6A98A45579EC29EB0F5E4262 /* Pods-Cue-CueUITests.release.xcconfig */ = {isa = PBXFileReference; includeInIndex = 1; lastKnownFileType = text.xcconfig; name = "Pods-Cue-CueUITests.release.xcconfig"; path = "Target Support Files/Pods-Cue-CueUITests/Pods-Cue-CueUITests.release.xcconfig"; sourceTree = "<group>"; };
		6BB9BE1DD2A75AB8C3C7233B /* Pods-Cue.release.xcconfig */ = {isa = PBXFileReference; includeInIndex = 1; lastKnownFileType = text.xcconfig; name = "Pods-Cue.release.xcconfig"; path = "Target Support Files/Pods-Cue/Pods-Cue.release.xcconfig"; sourceTree = "<group>"; };
		6CE2EAA1E71F18F3FB8A34FA /* Pods-CueTests.debug.xcconfig */ = {isa = PBXFileReference; includeInIndex = 1; lastKnownFileType = text.xcconfig; name = "Pods-CueTests.debug.xcconfig"; path = "Target Support Files/Pods-CueTests/Pods-CueTests.debug.xcconfig"; sourceTree = "<group>"; };
		6E9B464D28808CFD00B491C2 /* Keys.plist */ = {isa = PBXFileReference; lastKnownFileType = text.plist.xml; path = Keys.plist; sourceTree = "<group>"; };
		6E9B464F2880ABF000B491C2 /* CueCell.h */ = {isa = PBXFileReference; lastKnownFileType = sourcecode.c.h; path = CueCell.h; sourceTree = "<group>"; };
		6E9B46502880ABF000B491C2 /* CueCell.m */ = {isa = PBXFileReference; lastKnownFileType = sourcecode.c.objc; path = CueCell.m; sourceTree = "<group>"; };
		6E9B46532886168C00B491C2 /* MyAuth.h */ = {isa = PBXFileReference; lastKnownFileType = sourcecode.c.h; path = MyAuth.h; sourceTree = "<group>"; };
		6E9B46542886168C00B491C2 /* MyAuth.m */ = {isa = PBXFileReference; lastKnownFileType = sourcecode.c.objc; path = MyAuth.m; sourceTree = "<group>"; };
		6EE217482874AF5500729470 /* Cue.app */ = {isa = PBXFileReference; explicitFileType = wrapper.application; includeInIndex = 0; path = Cue.app; sourceTree = BUILT_PRODUCTS_DIR; };
		6EE2174B2874AF5500729470 /* AppDelegate.h */ = {isa = PBXFileReference; lastKnownFileType = sourcecode.c.h; path = AppDelegate.h; sourceTree = "<group>"; };
		6EE2174C2874AF5500729470 /* AppDelegate.m */ = {isa = PBXFileReference; lastKnownFileType = sourcecode.c.objc; path = AppDelegate.m; sourceTree = "<group>"; };
		6EE2174E2874AF5500729470 /* SceneDelegate.h */ = {isa = PBXFileReference; lastKnownFileType = sourcecode.c.h; path = SceneDelegate.h; sourceTree = "<group>"; };
		6EE2174F2874AF5500729470 /* SceneDelegate.m */ = {isa = PBXFileReference; lastKnownFileType = sourcecode.c.objc; path = SceneDelegate.m; sourceTree = "<group>"; };
		6EE217552874AF5500729470 /* Base */ = {isa = PBXFileReference; lastKnownFileType = file.storyboard; name = Base; path = Base.lproj/Main.storyboard; sourceTree = "<group>"; };
		6EE217572874AF5700729470 /* Assets.xcassets */ = {isa = PBXFileReference; lastKnownFileType = folder.assetcatalog; path = Assets.xcassets; sourceTree = "<group>"; };
		6EE2175A2874AF5700729470 /* Base */ = {isa = PBXFileReference; lastKnownFileType = file.storyboard; name = Base; path = Base.lproj/LaunchScreen.storyboard; sourceTree = "<group>"; };
		6EE2175C2874AF5700729470 /* Info.plist */ = {isa = PBXFileReference; lastKnownFileType = text.plist.xml; path = Info.plist; sourceTree = "<group>"; };
		6EE2175D2874AF5700729470 /* main.m */ = {isa = PBXFileReference; lastKnownFileType = sourcecode.c.objc; path = main.m; sourceTree = "<group>"; };
		6EE217632874AF5700729470 /* CueTests.xctest */ = {isa = PBXFileReference; explicitFileType = wrapper.cfbundle; includeInIndex = 0; path = CueTests.xctest; sourceTree = BUILT_PRODUCTS_DIR; };
		6EE217672874AF5700729470 /* CueTests.m */ = {isa = PBXFileReference; lastKnownFileType = sourcecode.c.objc; path = CueTests.m; sourceTree = "<group>"; };
		6EE2176D2874AF5700729470 /* CueUITests.xctest */ = {isa = PBXFileReference; explicitFileType = wrapper.cfbundle; includeInIndex = 0; path = CueUITests.xctest; sourceTree = BUILT_PRODUCTS_DIR; };
		6EE217712874AF5700729470 /* CueUITests.m */ = {isa = PBXFileReference; lastKnownFileType = sourcecode.c.objc; path = CueUITests.m; sourceTree = "<group>"; };
		6EE217732874AF5700729470 /* CueUITestsLaunchTests.m */ = {isa = PBXFileReference; lastKnownFileType = sourcecode.c.objc; path = CueUITestsLaunchTests.m; sourceTree = "<group>"; };
		6EE217812875FAE300729470 /* LoginViewController.h */ = {isa = PBXFileReference; lastKnownFileType = sourcecode.c.h; path = LoginViewController.h; sourceTree = "<group>"; };
		6EE217822875FAE300729470 /* LoginViewController.m */ = {isa = PBXFileReference; lastKnownFileType = sourcecode.c.objc; path = LoginViewController.m; sourceTree = "<group>"; };
		6EE2178528760B3900729470 /* ProfileViewController.h */ = {isa = PBXFileReference; lastKnownFileType = sourcecode.c.h; name = ProfileViewController.h; path = Cue/ViewControllers/ProfileViewController.h; sourceTree = SOURCE_ROOT; };
		6EE2178628760B3900729470 /* ProfileViewController.m */ = {isa = PBXFileReference; lastKnownFileType = sourcecode.c.objc; name = ProfileViewController.m; path = Cue/ViewControllers/ProfileViewController.m; sourceTree = SOURCE_ROOT; };
		6EE2178828760D9900729470 /* SignUpViewController.h */ = {isa = PBXFileReference; lastKnownFileType = sourcecode.c.h; name = SignUpViewController.h; path = Cue/ViewControllers/SignUpViewController.h; sourceTree = SOURCE_ROOT; };
		6EE2178928760D9900729470 /* SignUpViewController.m */ = {isa = PBXFileReference; lastKnownFileType = sourcecode.c.objc; name = SignUpViewController.m; path = Cue/ViewControllers/SignUpViewController.m; sourceTree = SOURCE_ROOT; };
		6EE2178B2876119F00729470 /* HomeViewController.h */ = {isa = PBXFileReference; lastKnownFileType = sourcecode.c.h; name = HomeViewController.h; path = Cue/ViewControllers/HomeViewController.h; sourceTree = SOURCE_ROOT; };
		6EE2178C2876119F00729470 /* HomeViewController.m */ = {isa = PBXFileReference; lastKnownFileType = sourcecode.c.objc; name = HomeViewController.m; path = Cue/ViewControllers/HomeViewController.m; sourceTree = SOURCE_ROOT; wrapsLines = 0; };
		6EE2178E28762E5F00729470 /* ComposeViewController.h */ = {isa = PBXFileReference; lastKnownFileType = sourcecode.c.h; path = ComposeViewController.h; sourceTree = "<group>"; };
		6EE2178F28762E5F00729470 /* ComposeViewController.m */ = {isa = PBXFileReference; lastKnownFileType = sourcecode.c.objc; path = ComposeViewController.m; sourceTree = "<group>"; };
		6EE21795287651BE00729470 /* EventCell.h */ = {isa = PBXFileReference; lastKnownFileType = sourcecode.c.h; path = EventCell.h; sourceTree = "<group>"; };
		6EE21796287651BE00729470 /* EventCell.m */ = {isa = PBXFileReference; lastKnownFileType = sourcecode.c.objc; path = EventCell.m; sourceTree = "<group>"; };
		6EE2179B2877A4B800729470 /* Event.h */ = {isa = PBXFileReference; lastKnownFileType = sourcecode.c.h; path = Event.h; sourceTree = "<group>"; };
		6EE2179C2877A4B800729470 /* Event.m */ = {isa = PBXFileReference; lastKnownFileType = sourcecode.c.objc; path = Event.m; sourceTree = "<group>"; };
		6EE217A5287CA1AB00729470 /* UserNotifications.framework */ = {isa = PBXFileReference; lastKnownFileType = wrapper.framework; name = UserNotifications.framework; path = System/Library/Frameworks/UserNotifications.framework; sourceTree = SDKROOT; };
		6EE217A7287CE6C600729470 /* DetailsViewController.h */ = {isa = PBXFileReference; lastKnownFileType = sourcecode.c.h; path = DetailsViewController.h; sourceTree = "<group>"; };
		6EE217A8287CE6C600729470 /* DetailsViewController.m */ = {isa = PBXFileReference; lastKnownFileType = sourcecode.c.objc; path = DetailsViewController.m; sourceTree = "<group>"; };
		6EE217AA287CEBBF00729470 /* SuggestionCell.h */ = {isa = PBXFileReference; lastKnownFileType = sourcecode.c.h; name = SuggestionCell.h; path = Cue/Views/SuggestionCell.h; sourceTree = SOURCE_ROOT; };
		6EE217AB287CEBBF00729470 /* SuggestionCell.m */ = {isa = PBXFileReference; lastKnownFileType = sourcecode.c.objc; name = SuggestionCell.m; path = Cue/Views/SuggestionCell.m; sourceTree = SOURCE_ROOT; };
		6EE217B3287E12EF00729470 /* Suggestion.h */ = {isa = PBXFileReference; lastKnownFileType = sourcecode.c.h; path = Suggestion.h; sourceTree = "<group>"; };
		6EE217B4287E12EF00729470 /* Suggestion.m */ = {isa = PBXFileReference; lastKnownFileType = sourcecode.c.objc; path = Suggestion.m; sourceTree = "<group>"; };
		6EE217B6287E1BBD00729470 /* YelpClient.h */ = {isa = PBXFileReference; lastKnownFileType = sourcecode.c.h; path = YelpClient.h; sourceTree = "<group>"; };
		6EE217B7287E1BBD00729470 /* YelpClient.m */ = {isa = PBXFileReference; lastKnownFileType = sourcecode.c.objc; path = YelpClient.m; sourceTree = "<group>"; };
		C5DC950E4D4189F8BD70CC2C /* Pods-Cue.debug.xcconfig */ = {isa = PBXFileReference; includeInIndex = 1; lastKnownFileType = text.xcconfig; name = "Pods-Cue.debug.xcconfig"; path = "Target Support Files/Pods-Cue/Pods-Cue.debug.xcconfig"; sourceTree = "<group>"; };
		DC8DEBA59AADBE0E3A0AECDD /* Pods_Cue.framework */ = {isa = PBXFileReference; explicitFileType = wrapper.framework; includeInIndex = 0; path = Pods_Cue.framework; sourceTree = BUILT_PRODUCTS_DIR; };
		FCD5910D41051358BDCAEC15 /* Pods-CueTests.release.xcconfig */ = {isa = PBXFileReference; includeInIndex = 1; lastKnownFileType = text.xcconfig; name = "Pods-CueTests.release.xcconfig"; path = "Target Support Files/Pods-CueTests/Pods-CueTests.release.xcconfig"; sourceTree = "<group>"; };
/* End PBXFileReference section */

/* Begin PBXFrameworksBuildPhase section */
		6EE217452874AF5500729470 /* Frameworks */ = {
			isa = PBXFrameworksBuildPhase;
			buildActionMask = 2147483647;
			files = (
				6EE217A6287CA1AB00729470 /* UserNotifications.framework in Frameworks */,
				BC525BC1669439F8C67CA526 /* Pods_Cue.framework in Frameworks */,
			);
			runOnlyForDeploymentPostprocessing = 0;
		};
		6EE217602874AF5700729470 /* Frameworks */ = {
			isa = PBXFrameworksBuildPhase;
			buildActionMask = 2147483647;
			files = (
				35962B66FC04D079057943C0 /* Pods_CueTests.framework in Frameworks */,
			);
			runOnlyForDeploymentPostprocessing = 0;
		};
		6EE2176A2874AF5700729470 /* Frameworks */ = {
			isa = PBXFrameworksBuildPhase;
			buildActionMask = 2147483647;
			files = (
				1CC17E72800391734ED96F89 /* Pods_Cue_CueUITests.framework in Frameworks */,
			);
			runOnlyForDeploymentPostprocessing = 0;
		};
/* End PBXFrameworksBuildPhase section */

/* Begin PBXGroup section */
		617D2C120A998592D41F09F2 /* Frameworks */ = {
			isa = PBXGroup;
			children = (
				6EE217A5287CA1AB00729470 /* UserNotifications.framework */,
				DC8DEBA59AADBE0E3A0AECDD /* Pods_Cue.framework */,
				381F8C34AA5B43015E63A6EA /* Pods_Cue_CueUITests.framework */,
				1924470FCB191FA67DA31E93 /* Pods_CueTests.framework */,
			);
			name = Frameworks;
			sourceTree = "<group>";
		};
		6E9B46522881DAD500B491C2 /* Models */ = {
			isa = PBXGroup;
			children = (
				6E9B46532886168C00B491C2 /* MyAuth.h */,
				6E9B46542886168C00B491C2 /* MyAuth.m */,
				6EE2179B2877A4B800729470 /* Event.h */,
				6EE2179C2877A4B800729470 /* Event.m */,
				6EE217B3287E12EF00729470 /* Suggestion.h */,
				6EE217B4287E12EF00729470 /* Suggestion.m */,
			);
			path = Models;
			sourceTree = "<group>";
		};
		6EE2173F2874AF5500729470 = {
			isa = PBXGroup;
			children = (
				6EE2174A2874AF5500729470 /* Cue */,
				6EE217662874AF5700729470 /* CueTests */,
				6EE217702874AF5700729470 /* CueUITests */,
				6EE217492874AF5500729470 /* Products */,
				C992D4B5FC93D7E61DA9CDB2 /* Pods */,
				617D2C120A998592D41F09F2 /* Frameworks */,
			);
			sourceTree = "<group>";
		};
		6EE217492874AF5500729470 /* Products */ = {
			isa = PBXGroup;
			children = (
				6EE217482874AF5500729470 /* Cue.app */,
				6EE217632874AF5700729470 /* CueTests.xctest */,
				6EE2176D2874AF5700729470 /* CueUITests.xctest */,
			);
			name = Products;
			sourceTree = "<group>";
		};
		6EE2174A2874AF5500729470 /* Cue */ = {
			isa = PBXGroup;
			children = (
				6E9B46522881DAD500B491C2 /* Models */,
				6EE2179E2878E68900729470 /* API */,
				6EE217912876518100729470 /* Views */,
				6EE217802875FAD200729470 /* ViewControllers */,
				6EE2174B2874AF5500729470 /* AppDelegate.h */,
				6EE2174C2874AF5500729470 /* AppDelegate.m */,
				6EE2174E2874AF5500729470 /* SceneDelegate.h */,
				6EE2174F2874AF5500729470 /* SceneDelegate.m */,
				6E9B464D28808CFD00B491C2 /* Keys.plist */,
				6EE217542874AF5500729470 /* Main.storyboard */,
				6EE217572874AF5700729470 /* Assets.xcassets */,
				6EE217592874AF5700729470 /* LaunchScreen.storyboard */,
				6EE2175C2874AF5700729470 /* Info.plist */,
				6EE2175D2874AF5700729470 /* main.m */,
			);
			path = Cue;
			sourceTree = "<group>";
		};
		6EE217662874AF5700729470 /* CueTests */ = {
			isa = PBXGroup;
			children = (
				6EE217672874AF5700729470 /* CueTests.m */,
			);
			path = CueTests;
			sourceTree = "<group>";
		};
		6EE217702874AF5700729470 /* CueUITests */ = {
			isa = PBXGroup;
			children = (
				6EE217712874AF5700729470 /* CueUITests.m */,
				6EE217732874AF5700729470 /* CueUITestsLaunchTests.m */,
			);
			path = CueUITests;
			sourceTree = "<group>";
		};
		6EE217802875FAD200729470 /* ViewControllers */ = {
			isa = PBXGroup;
			children = (
				6EE2178B2876119F00729470 /* HomeViewController.h */,
				6EE2178C2876119F00729470 /* HomeViewController.m */,
				6EE217A7287CE6C600729470 /* DetailsViewController.h */,
				6EE217A8287CE6C600729470 /* DetailsViewController.m */,
				6EE2178E28762E5F00729470 /* ComposeViewController.h */,
				6EE2178F28762E5F00729470 /* ComposeViewController.m */,
				6EE2178828760D9900729470 /* SignUpViewController.h */,
				6EE2178928760D9900729470 /* SignUpViewController.m */,
				6EE2178528760B3900729470 /* ProfileViewController.h */,
				6EE2178628760B3900729470 /* ProfileViewController.m */,
				6EE217812875FAE300729470 /* LoginViewController.h */,
				6EE217822875FAE300729470 /* LoginViewController.m */,
			);
			path = ViewControllers;
			sourceTree = "<group>";
		};
		6EE217912876518100729470 /* Views */ = {
			isa = PBXGroup;
			children = (
				6EE217AA287CEBBF00729470 /* SuggestionCell.h */,
				6EE217AB287CEBBF00729470 /* SuggestionCell.m */,
				6EE21795287651BE00729470 /* EventCell.h */,
				6EE21796287651BE00729470 /* EventCell.m */,
				6E9B464F2880ABF000B491C2 /* CueCell.h */,
				6E9B46502880ABF000B491C2 /* CueCell.m */,
			);
			path = Views;
			sourceTree = "<group>";
		};
		6EE2179E2878E68900729470 /* API */ = {
			isa = PBXGroup;
			children = (
				6EE217B6287E1BBD00729470 /* YelpClient.h */,
				6EE217B7287E1BBD00729470 /* YelpClient.m */,
			);
			path = API;
			sourceTree = "<group>";
		};
		C992D4B5FC93D7E61DA9CDB2 /* Pods */ = {
			isa = PBXGroup;
			children = (
				C5DC950E4D4189F8BD70CC2C /* Pods-Cue.debug.xcconfig */,
				6BB9BE1DD2A75AB8C3C7233B /* Pods-Cue.release.xcconfig */,
				29C46E782F67670DD93A5A15 /* Pods-Cue-CueUITests.debug.xcconfig */,
				6A98A45579EC29EB0F5E4262 /* Pods-Cue-CueUITests.release.xcconfig */,
				6CE2EAA1E71F18F3FB8A34FA /* Pods-CueTests.debug.xcconfig */,
				FCD5910D41051358BDCAEC15 /* Pods-CueTests.release.xcconfig */,
			);
			path = Pods;
			sourceTree = "<group>";
		};
/* End PBXGroup section */

/* Begin PBXNativeTarget section */
		6EE217472874AF5500729470 /* Cue */ = {
			isa = PBXNativeTarget;
			buildConfigurationList = 6EE217772874AF5700729470 /* Build configuration list for PBXNativeTarget "Cue" */;
			buildPhases = (
				DACEBFB15EC3DCE8A245551F /* [CP] Check Pods Manifest.lock */,
				6EE217442874AF5500729470 /* Sources */,
				6EE217452874AF5500729470 /* Frameworks */,
				6EE217462874AF5500729470 /* Resources */,
				BE26B645BCC39B3EB7C2DFE3 /* [CP] Embed Pods Frameworks */,
			);
			buildRules = (
			);
			dependencies = (
			);
			name = Cue;
			productName = Cue;
			productReference = 6EE217482874AF5500729470 /* Cue.app */;
			productType = "com.apple.product-type.application";
		};
		6EE217622874AF5700729470 /* CueTests */ = {
			isa = PBXNativeTarget;
			buildConfigurationList = 6EE2177A2874AF5700729470 /* Build configuration list for PBXNativeTarget "CueTests" */;
			buildPhases = (
				86FFD8A1B888804A3DEB903F /* [CP] Check Pods Manifest.lock */,
				6EE2175F2874AF5700729470 /* Sources */,
				6EE217602874AF5700729470 /* Frameworks */,
				6EE217612874AF5700729470 /* Resources */,
			);
			buildRules = (
			);
			dependencies = (
				6EE217652874AF5700729470 /* PBXTargetDependency */,
			);
			name = CueTests;
			productName = CueTests;
			productReference = 6EE217632874AF5700729470 /* CueTests.xctest */;
			productType = "com.apple.product-type.bundle.unit-test";
		};
		6EE2176C2874AF5700729470 /* CueUITests */ = {
			isa = PBXNativeTarget;
			buildConfigurationList = 6EE2177D2874AF5700729470 /* Build configuration list for PBXNativeTarget "CueUITests" */;
			buildPhases = (
				D6E9ECDC7F4C090E25C73D28 /* [CP] Check Pods Manifest.lock */,
				6EE217692874AF5700729470 /* Sources */,
				6EE2176A2874AF5700729470 /* Frameworks */,
				6EE2176B2874AF5700729470 /* Resources */,
				280B3EDED6DB83BA2ABC8F0A /* [CP] Embed Pods Frameworks */,
			);
			buildRules = (
			);
			dependencies = (
				6EE2176F2874AF5700729470 /* PBXTargetDependency */,
			);
			name = CueUITests;
			productName = CueUITests;
			productReference = 6EE2176D2874AF5700729470 /* CueUITests.xctest */;
			productType = "com.apple.product-type.bundle.ui-testing";
		};
/* End PBXNativeTarget section */

/* Begin PBXProject section */
		6EE217402874AF5500729470 /* Project object */ = {
			isa = PBXProject;
			attributes = {
				BuildIndependentTargetsInParallel = 1;
				LastUpgradeCheck = 1340;
				TargetAttributes = {
					6EE217472874AF5500729470 = {
						CreatedOnToolsVersion = 13.4.1;
					};
					6EE217622874AF5700729470 = {
						CreatedOnToolsVersion = 13.4.1;
						TestTargetID = 6EE217472874AF5500729470;
					};
					6EE2176C2874AF5700729470 = {
						CreatedOnToolsVersion = 13.4.1;
						TestTargetID = 6EE217472874AF5500729470;
					};
				};
			};
			buildConfigurationList = 6EE217432874AF5500729470 /* Build configuration list for PBXProject "Cue" */;
			compatibilityVersion = "Xcode 13.0";
			developmentRegion = en;
			hasScannedForEncodings = 0;
			knownRegions = (
				en,
				Base,
			);
			mainGroup = 6EE2173F2874AF5500729470;
			productRefGroup = 6EE217492874AF5500729470 /* Products */;
			projectDirPath = "";
			projectRoot = "";
			targets = (
				6EE217472874AF5500729470 /* Cue */,
				6EE217622874AF5700729470 /* CueTests */,
				6EE2176C2874AF5700729470 /* CueUITests */,
			);
		};
/* End PBXProject section */

/* Begin PBXResourcesBuildPhase section */
		6EE217462874AF5500729470 /* Resources */ = {
			isa = PBXResourcesBuildPhase;
			buildActionMask = 2147483647;
			files = (
				6EE2175B2874AF5700729470 /* LaunchScreen.storyboard in Resources */,
				6EE217582874AF5700729470 /* Assets.xcassets in Resources */,
				6E9B464E28808CFD00B491C2 /* Keys.plist in Resources */,
				6EE217562874AF5500729470 /* Main.storyboard in Resources */,
			);
			runOnlyForDeploymentPostprocessing = 0;
		};
		6EE217612874AF5700729470 /* Resources */ = {
			isa = PBXResourcesBuildPhase;
			buildActionMask = 2147483647;
			files = (
			);
			runOnlyForDeploymentPostprocessing = 0;
		};
		6EE2176B2874AF5700729470 /* Resources */ = {
			isa = PBXResourcesBuildPhase;
			buildActionMask = 2147483647;
			files = (
			);
			runOnlyForDeploymentPostprocessing = 0;
		};
/* End PBXResourcesBuildPhase section */

/* Begin PBXShellScriptBuildPhase section */
		280B3EDED6DB83BA2ABC8F0A /* [CP] Embed Pods Frameworks */ = {
			isa = PBXShellScriptBuildPhase;
			buildActionMask = 2147483647;
			files = (
			);
			inputFileListPaths = (
				"${PODS_ROOT}/Target Support Files/Pods-Cue-CueUITests/Pods-Cue-CueUITests-frameworks-${CONFIGURATION}-input-files.xcfilelist",
			);
			name = "[CP] Embed Pods Frameworks";
			outputFileListPaths = (
				"${PODS_ROOT}/Target Support Files/Pods-Cue-CueUITests/Pods-Cue-CueUITests-frameworks-${CONFIGURATION}-output-files.xcfilelist",
			);
			runOnlyForDeploymentPostprocessing = 0;
			shellPath = /bin/sh;
			shellScript = "\"${PODS_ROOT}/Target Support Files/Pods-Cue-CueUITests/Pods-Cue-CueUITests-frameworks.sh\"\n";
			showEnvVarsInLog = 0;
		};
		86FFD8A1B888804A3DEB903F /* [CP] Check Pods Manifest.lock */ = {
			isa = PBXShellScriptBuildPhase;
			buildActionMask = 2147483647;
			files = (
			);
			inputFileListPaths = (
			);
			inputPaths = (
				"${PODS_PODFILE_DIR_PATH}/Podfile.lock",
				"${PODS_ROOT}/Manifest.lock",
			);
			name = "[CP] Check Pods Manifest.lock";
			outputFileListPaths = (
			);
			outputPaths = (
				"$(DERIVED_FILE_DIR)/Pods-CueTests-checkManifestLockResult.txt",
			);
			runOnlyForDeploymentPostprocessing = 0;
			shellPath = /bin/sh;
			shellScript = "diff \"${PODS_PODFILE_DIR_PATH}/Podfile.lock\" \"${PODS_ROOT}/Manifest.lock\" > /dev/null\nif [ $? != 0 ] ; then\n    # print error to STDERR\n    echo \"error: The sandbox is not in sync with the Podfile.lock. Run 'pod install' or update your CocoaPods installation.\" >&2\n    exit 1\nfi\n# This output is used by Xcode 'outputs' to avoid re-running this script phase.\necho \"SUCCESS\" > \"${SCRIPT_OUTPUT_FILE_0}\"\n";
			showEnvVarsInLog = 0;
		};
		BE26B645BCC39B3EB7C2DFE3 /* [CP] Embed Pods Frameworks */ = {
			isa = PBXShellScriptBuildPhase;
			buildActionMask = 2147483647;
			files = (
			);
			inputFileListPaths = (
				"${PODS_ROOT}/Target Support Files/Pods-Cue/Pods-Cue-frameworks-${CONFIGURATION}-input-files.xcfilelist",
			);
			name = "[CP] Embed Pods Frameworks";
			outputFileListPaths = (
				"${PODS_ROOT}/Target Support Files/Pods-Cue/Pods-Cue-frameworks-${CONFIGURATION}-output-files.xcfilelist",
			);
			runOnlyForDeploymentPostprocessing = 0;
			shellPath = /bin/sh;
			shellScript = "\"${PODS_ROOT}/Target Support Files/Pods-Cue/Pods-Cue-frameworks.sh\"\n";
			showEnvVarsInLog = 0;
		};
		D6E9ECDC7F4C090E25C73D28 /* [CP] Check Pods Manifest.lock */ = {
			isa = PBXShellScriptBuildPhase;
			buildActionMask = 2147483647;
			files = (
			);
			inputFileListPaths = (
			);
			inputPaths = (
				"${PODS_PODFILE_DIR_PATH}/Podfile.lock",
				"${PODS_ROOT}/Manifest.lock",
			);
			name = "[CP] Check Pods Manifest.lock";
			outputFileListPaths = (
			);
			outputPaths = (
				"$(DERIVED_FILE_DIR)/Pods-Cue-CueUITests-checkManifestLockResult.txt",
			);
			runOnlyForDeploymentPostprocessing = 0;
			shellPath = /bin/sh;
			shellScript = "diff \"${PODS_PODFILE_DIR_PATH}/Podfile.lock\" \"${PODS_ROOT}/Manifest.lock\" > /dev/null\nif [ $? != 0 ] ; then\n    # print error to STDERR\n    echo \"error: The sandbox is not in sync with the Podfile.lock. Run 'pod install' or update your CocoaPods installation.\" >&2\n    exit 1\nfi\n# This output is used by Xcode 'outputs' to avoid re-running this script phase.\necho \"SUCCESS\" > \"${SCRIPT_OUTPUT_FILE_0}\"\n";
			showEnvVarsInLog = 0;
		};
		DACEBFB15EC3DCE8A245551F /* [CP] Check Pods Manifest.lock */ = {
			isa = PBXShellScriptBuildPhase;
			buildActionMask = 2147483647;
			files = (
			);
			inputFileListPaths = (
			);
			inputPaths = (
				"${PODS_PODFILE_DIR_PATH}/Podfile.lock",
				"${PODS_ROOT}/Manifest.lock",
			);
			name = "[CP] Check Pods Manifest.lock";
			outputFileListPaths = (
			);
			outputPaths = (
				"$(DERIVED_FILE_DIR)/Pods-Cue-checkManifestLockResult.txt",
			);
			runOnlyForDeploymentPostprocessing = 0;
			shellPath = /bin/sh;
			shellScript = "diff \"${PODS_PODFILE_DIR_PATH}/Podfile.lock\" \"${PODS_ROOT}/Manifest.lock\" > /dev/null\nif [ $? != 0 ] ; then\n    # print error to STDERR\n    echo \"error: The sandbox is not in sync with the Podfile.lock. Run 'pod install' or update your CocoaPods installation.\" >&2\n    exit 1\nfi\n# This output is used by Xcode 'outputs' to avoid re-running this script phase.\necho \"SUCCESS\" > \"${SCRIPT_OUTPUT_FILE_0}\"\n";
			showEnvVarsInLog = 0;
		};
/* End PBXShellScriptBuildPhase section */

/* Begin PBXSourcesBuildPhase section */
		6EE217442874AF5500729470 /* Sources */ = {
			isa = PBXSourcesBuildPhase;
			buildActionMask = 2147483647;
			files = (
				6EE217832875FAE300729470 /* LoginViewController.m in Sources */,
				6EE2174D2874AF5500729470 /* AppDelegate.m in Sources */,
				6EE217A9287CE6C600729470 /* DetailsViewController.m in Sources */,
				6EE2179D2877A4B800729470 /* Event.m in Sources */,
				6E9B46512880ABF000B491C2 /* CueCell.m in Sources */,
				6EE2178A28760D9900729470 /* SignUpViewController.m in Sources */,
				6EE217B5287E12EF00729470 /* Suggestion.m in Sources */,
				6EE2175E2874AF5700729470 /* main.m in Sources */,
				6EE217502874AF5500729470 /* SceneDelegate.m in Sources */,
				6EE217B8287E1BBD00729470 /* YelpClient.m in Sources */,
				6EE2178D2876119F00729470 /* HomeViewController.m in Sources */,
				6E9B46552886168C00B491C2 /* MyAuth.m in Sources */,
				6EE2178728760B3900729470 /* ProfileViewController.m in Sources */,
				6EE21797287651BE00729470 /* EventCell.m in Sources */,
				6EE2179028762E5F00729470 /* ComposeViewController.m in Sources */,
				6EE217AC287CEBBF00729470 /* SuggestionCell.m in Sources */,
			);
			runOnlyForDeploymentPostprocessing = 0;
		};
		6EE2175F2874AF5700729470 /* Sources */ = {
			isa = PBXSourcesBuildPhase;
			buildActionMask = 2147483647;
			files = (
				6EE217682874AF5700729470 /* CueTests.m in Sources */,
			);
			runOnlyForDeploymentPostprocessing = 0;
		};
		6EE217692874AF5700729470 /* Sources */ = {
			isa = PBXSourcesBuildPhase;
			buildActionMask = 2147483647;
			files = (
				6EE217742874AF5700729470 /* CueUITestsLaunchTests.m in Sources */,
				6EE217722874AF5700729470 /* CueUITests.m in Sources */,
			);
			runOnlyForDeploymentPostprocessing = 0;
		};
/* End PBXSourcesBuildPhase section */

/* Begin PBXTargetDependency section */
		6EE217652874AF5700729470 /* PBXTargetDependency */ = {
			isa = PBXTargetDependency;
			target = 6EE217472874AF5500729470 /* Cue */;
			targetProxy = 6EE217642874AF5700729470 /* PBXContainerItemProxy */;
		};
		6EE2176F2874AF5700729470 /* PBXTargetDependency */ = {
			isa = PBXTargetDependency;
			target = 6EE217472874AF5500729470 /* Cue */;
			targetProxy = 6EE2176E2874AF5700729470 /* PBXContainerItemProxy */;
		};
/* End PBXTargetDependency section */

/* Begin PBXVariantGroup section */
		6EE217542874AF5500729470 /* Main.storyboard */ = {
			isa = PBXVariantGroup;
			children = (
				6EE217552874AF5500729470 /* Base */,
			);
			name = Main.storyboard;
			sourceTree = "<group>";
		};
		6EE217592874AF5700729470 /* LaunchScreen.storyboard */ = {
			isa = PBXVariantGroup;
			children = (
				6EE2175A2874AF5700729470 /* Base */,
			);
			name = LaunchScreen.storyboard;
			sourceTree = "<group>";
		};
/* End PBXVariantGroup section */

/* Begin XCBuildConfiguration section */
		6EE217752874AF5700729470 /* Debug */ = {
			isa = XCBuildConfiguration;
			buildSettings = {
				ALWAYS_SEARCH_USER_PATHS = NO;
				CLANG_ANALYZER_NONNULL = YES;
				CLANG_ANALYZER_NUMBER_OBJECT_CONVERSION = YES_AGGRESSIVE;
				CLANG_CXX_LANGUAGE_STANDARD = "gnu++17";
				CLANG_ENABLE_MODULES = YES;
				CLANG_ENABLE_OBJC_ARC = YES;
				CLANG_ENABLE_OBJC_WEAK = YES;
				CLANG_WARN_BLOCK_CAPTURE_AUTORELEASING = YES;
				CLANG_WARN_BOOL_CONVERSION = YES;
				CLANG_WARN_COMMA = YES;
				CLANG_WARN_CONSTANT_CONVERSION = YES;
				CLANG_WARN_DEPRECATED_OBJC_IMPLEMENTATIONS = YES;
				CLANG_WARN_DIRECT_OBJC_ISA_USAGE = YES_ERROR;
				CLANG_WARN_DOCUMENTATION_COMMENTS = YES;
				CLANG_WARN_EMPTY_BODY = YES;
				CLANG_WARN_ENUM_CONVERSION = YES;
				CLANG_WARN_INFINITE_RECURSION = YES;
				CLANG_WARN_INT_CONVERSION = YES;
				CLANG_WARN_NON_LITERAL_NULL_CONVERSION = YES;
				CLANG_WARN_OBJC_IMPLICIT_RETAIN_SELF = YES;
				CLANG_WARN_OBJC_LITERAL_CONVERSION = YES;
				CLANG_WARN_OBJC_ROOT_CLASS = YES_ERROR;
				CLANG_WARN_QUOTED_INCLUDE_IN_FRAMEWORK_HEADER = YES;
				CLANG_WARN_RANGE_LOOP_ANALYSIS = YES;
				CLANG_WARN_STRICT_PROTOTYPES = YES;
				CLANG_WARN_SUSPICIOUS_MOVE = YES;
				CLANG_WARN_UNGUARDED_AVAILABILITY = YES_AGGRESSIVE;
				CLANG_WARN_UNREACHABLE_CODE = YES;
				CLANG_WARN__DUPLICATE_METHOD_MATCH = YES;
				COPY_PHASE_STRIP = NO;
				DEBUG_INFORMATION_FORMAT = dwarf;
				ENABLE_STRICT_OBJC_MSGSEND = YES;
				ENABLE_TESTABILITY = YES;
				GCC_C_LANGUAGE_STANDARD = gnu11;
				GCC_DYNAMIC_NO_PIC = NO;
				GCC_NO_COMMON_BLOCKS = YES;
				GCC_OPTIMIZATION_LEVEL = 0;
				GCC_PREPROCESSOR_DEFINITIONS = (
					"DEBUG=1",
					"$(inherited)",
				);
				GCC_WARN_64_TO_32_BIT_CONVERSION = YES;
				GCC_WARN_ABOUT_RETURN_TYPE = YES_ERROR;
				GCC_WARN_UNDECLARED_SELECTOR = YES;
				GCC_WARN_UNINITIALIZED_AUTOS = YES_AGGRESSIVE;
				GCC_WARN_UNUSED_FUNCTION = YES;
				GCC_WARN_UNUSED_VARIABLE = YES;
				IPHONEOS_DEPLOYMENT_TARGET = 15.5;
				MTL_ENABLE_DEBUG_INFO = INCLUDE_SOURCE;
				MTL_FAST_MATH = YES;
				ONLY_ACTIVE_ARCH = YES;
				SDKROOT = iphoneos;
			};
			name = Debug;
		};
		6EE217762874AF5700729470 /* Release */ = {
			isa = XCBuildConfiguration;
			buildSettings = {
				ALWAYS_SEARCH_USER_PATHS = NO;
				CLANG_ANALYZER_NONNULL = YES;
				CLANG_ANALYZER_NUMBER_OBJECT_CONVERSION = YES_AGGRESSIVE;
				CLANG_CXX_LANGUAGE_STANDARD = "gnu++17";
				CLANG_ENABLE_MODULES = YES;
				CLANG_ENABLE_OBJC_ARC = YES;
				CLANG_ENABLE_OBJC_WEAK = YES;
				CLANG_WARN_BLOCK_CAPTURE_AUTORELEASING = YES;
				CLANG_WARN_BOOL_CONVERSION = YES;
				CLANG_WARN_COMMA = YES;
				CLANG_WARN_CONSTANT_CONVERSION = YES;
				CLANG_WARN_DEPRECATED_OBJC_IMPLEMENTATIONS = YES;
				CLANG_WARN_DIRECT_OBJC_ISA_USAGE = YES_ERROR;
				CLANG_WARN_DOCUMENTATION_COMMENTS = YES;
				CLANG_WARN_EMPTY_BODY = YES;
				CLANG_WARN_ENUM_CONVERSION = YES;
				CLANG_WARN_INFINITE_RECURSION = YES;
				CLANG_WARN_INT_CONVERSION = YES;
				CLANG_WARN_NON_LITERAL_NULL_CONVERSION = YES;
				CLANG_WARN_OBJC_IMPLICIT_RETAIN_SELF = YES;
				CLANG_WARN_OBJC_LITERAL_CONVERSION = YES;
				CLANG_WARN_OBJC_ROOT_CLASS = YES_ERROR;
				CLANG_WARN_QUOTED_INCLUDE_IN_FRAMEWORK_HEADER = YES;
				CLANG_WARN_RANGE_LOOP_ANALYSIS = YES;
				CLANG_WARN_STRICT_PROTOTYPES = YES;
				CLANG_WARN_SUSPICIOUS_MOVE = YES;
				CLANG_WARN_UNGUARDED_AVAILABILITY = YES_AGGRESSIVE;
				CLANG_WARN_UNREACHABLE_CODE = YES;
				CLANG_WARN__DUPLICATE_METHOD_MATCH = YES;
				COPY_PHASE_STRIP = NO;
				DEBUG_INFORMATION_FORMAT = "dwarf-with-dsym";
				ENABLE_NS_ASSERTIONS = NO;
				ENABLE_STRICT_OBJC_MSGSEND = YES;
				GCC_C_LANGUAGE_STANDARD = gnu11;
				GCC_NO_COMMON_BLOCKS = YES;
				GCC_WARN_64_TO_32_BIT_CONVERSION = YES;
				GCC_WARN_ABOUT_RETURN_TYPE = YES_ERROR;
				GCC_WARN_UNDECLARED_SELECTOR = YES;
				GCC_WARN_UNINITIALIZED_AUTOS = YES_AGGRESSIVE;
				GCC_WARN_UNUSED_FUNCTION = YES;
				GCC_WARN_UNUSED_VARIABLE = YES;
				IPHONEOS_DEPLOYMENT_TARGET = 15.5;
				MTL_ENABLE_DEBUG_INFO = NO;
				MTL_FAST_MATH = YES;
				SDKROOT = iphoneos;
				VALIDATE_PRODUCT = YES;
			};
			name = Release;
		};
		6EE217782874AF5700729470 /* Debug */ = {
			isa = XCBuildConfiguration;
			baseConfigurationReference = C5DC950E4D4189F8BD70CC2C /* Pods-Cue.debug.xcconfig */;
			buildSettings = {
				ASSETCATALOG_COMPILER_APPICON_NAME = AppIcon;
				ASSETCATALOG_COMPILER_GLOBAL_ACCENT_COLOR_NAME = AccentColor;
				CODE_SIGN_STYLE = Automatic;
				CURRENT_PROJECT_VERSION = 1;
				DEVELOPMENT_TEAM = BSPABJ65H3;
				GENERATE_INFOPLIST_FILE = YES;
				INFOPLIST_FILE = Cue/Info.plist;
				INFOPLIST_KEY_UIApplicationSupportsIndirectInputEvents = YES;
				INFOPLIST_KEY_UILaunchStoryboardName = LaunchScreen;
				INFOPLIST_KEY_UIMainStoryboardFile = Main;
				INFOPLIST_KEY_UISupportedInterfaceOrientations = "";
				INFOPLIST_KEY_UISupportedInterfaceOrientations_iPad = "UIInterfaceOrientationPortrait UIInterfaceOrientationPortraitUpsideDown UIInterfaceOrientationLandscapeLeft UIInterfaceOrientationLandscapeRight";
				INFOPLIST_KEY_UISupportedInterfaceOrientations_iPhone = UIInterfaceOrientationPortrait;
				LD_RUNPATH_SEARCH_PATHS = (
					"$(inherited)",
					"@executable_path/Frameworks",
				);
				MARKETING_VERSION = 1.0;
				PRODUCT_BUNDLE_IDENTIFIER = com.codepath.Cue;
				PRODUCT_NAME = "$(TARGET_NAME)";
				SWIFT_EMIT_LOC_STRINGS = YES;
				TARGETED_DEVICE_FAMILY = "1,2";
			};
			name = Debug;
		};
		6EE217792874AF5700729470 /* Release */ = {
			isa = XCBuildConfiguration;
			baseConfigurationReference = 6BB9BE1DD2A75AB8C3C7233B /* Pods-Cue.release.xcconfig */;
			buildSettings = {
				ASSETCATALOG_COMPILER_APPICON_NAME = AppIcon;
				ASSETCATALOG_COMPILER_GLOBAL_ACCENT_COLOR_NAME = AccentColor;
				CODE_SIGN_STYLE = Automatic;
				CURRENT_PROJECT_VERSION = 1;
				DEVELOPMENT_TEAM = BSPABJ65H3;
				GENERATE_INFOPLIST_FILE = YES;
				INFOPLIST_FILE = Cue/Info.plist;
				INFOPLIST_KEY_UIApplicationSupportsIndirectInputEvents = YES;
				INFOPLIST_KEY_UILaunchStoryboardName = LaunchScreen;
				INFOPLIST_KEY_UIMainStoryboardFile = Main;
				INFOPLIST_KEY_UISupportedInterfaceOrientations = "";
				INFOPLIST_KEY_UISupportedInterfaceOrientations_iPad = "UIInterfaceOrientationPortrait UIInterfaceOrientationPortraitUpsideDown UIInterfaceOrientationLandscapeLeft UIInterfaceOrientationLandscapeRight";
				INFOPLIST_KEY_UISupportedInterfaceOrientations_iPhone = UIInterfaceOrientationPortrait;
				LD_RUNPATH_SEARCH_PATHS = (
					"$(inherited)",
					"@executable_path/Frameworks",
				);
				MARKETING_VERSION = 1.0;
				PRODUCT_BUNDLE_IDENTIFIER = com.codepath.Cue;
				PRODUCT_NAME = "$(TARGET_NAME)";
				SWIFT_EMIT_LOC_STRINGS = YES;
				TARGETED_DEVICE_FAMILY = "1,2";
			};
			name = Release;
		};
		6EE2177B2874AF5700729470 /* Debug */ = {
			isa = XCBuildConfiguration;
			baseConfigurationReference = 6CE2EAA1E71F18F3FB8A34FA /* Pods-CueTests.debug.xcconfig */;
			buildSettings = {
				BUNDLE_LOADER = "$(TEST_HOST)";
				CODE_SIGN_STYLE = Automatic;
				CURRENT_PROJECT_VERSION = 1;
				DEVELOPMENT_TEAM = BSPABJ65H3;
				GENERATE_INFOPLIST_FILE = YES;
				IPHONEOS_DEPLOYMENT_TARGET = 15.5;
				MARKETING_VERSION = 1.0;
				PRODUCT_BUNDLE_IDENTIFIER = com.codepath.CueTests;
				PRODUCT_NAME = "$(TARGET_NAME)";
				SWIFT_EMIT_LOC_STRINGS = NO;
				TARGETED_DEVICE_FAMILY = "1,2";
				TEST_HOST = "$(BUILT_PRODUCTS_DIR)/Cue.app/Cue";
			};
			name = Debug;
		};
		6EE2177C2874AF5700729470 /* Release */ = {
			isa = XCBuildConfiguration;
			baseConfigurationReference = FCD5910D41051358BDCAEC15 /* Pods-CueTests.release.xcconfig */;
			buildSettings = {
				BUNDLE_LOADER = "$(TEST_HOST)";
				CODE_SIGN_STYLE = Automatic;
				CURRENT_PROJECT_VERSION = 1;
				DEVELOPMENT_TEAM = BSPABJ65H3;
				GENERATE_INFOPLIST_FILE = YES;
				IPHONEOS_DEPLOYMENT_TARGET = 15.5;
				MARKETING_VERSION = 1.0;
				PRODUCT_BUNDLE_IDENTIFIER = com.codepath.CueTests;
				PRODUCT_NAME = "$(TARGET_NAME)";
				SWIFT_EMIT_LOC_STRINGS = NO;
				TARGETED_DEVICE_FAMILY = "1,2";
				TEST_HOST = "$(BUILT_PRODUCTS_DIR)/Cue.app/Cue";
			};
			name = Release;
		};
		6EE2177E2874AF5700729470 /* Debug */ = {
			isa = XCBuildConfiguration;
			baseConfigurationReference = 29C46E782F67670DD93A5A15 /* Pods-Cue-CueUITests.debug.xcconfig */;
			buildSettings = {
				CODE_SIGN_STYLE = Automatic;
				CURRENT_PROJECT_VERSION = 1;
				DEVELOPMENT_TEAM = BSPABJ65H3;
				GENERATE_INFOPLIST_FILE = YES;
				MARKETING_VERSION = 1.0;
				PRODUCT_BUNDLE_IDENTIFIER = com.codepath.CueUITests;
				PRODUCT_NAME = "$(TARGET_NAME)";
				SWIFT_EMIT_LOC_STRINGS = NO;
				TARGETED_DEVICE_FAMILY = "1,2";
				TEST_TARGET_NAME = Cue;
			};
			name = Debug;
		};
		6EE2177F2874AF5700729470 /* Release */ = {
			isa = XCBuildConfiguration;
			baseConfigurationReference = 6A98A45579EC29EB0F5E4262 /* Pods-Cue-CueUITests.release.xcconfig */;
			buildSettings = {
				CODE_SIGN_STYLE = Automatic;
				CURRENT_PROJECT_VERSION = 1;
				DEVELOPMENT_TEAM = BSPABJ65H3;
				GENERATE_INFOPLIST_FILE = YES;
				MARKETING_VERSION = 1.0;
				PRODUCT_BUNDLE_IDENTIFIER = com.codepath.CueUITests;
				PRODUCT_NAME = "$(TARGET_NAME)";
				SWIFT_EMIT_LOC_STRINGS = NO;
				TARGETED_DEVICE_FAMILY = "1,2";
				TEST_TARGET_NAME = Cue;
			};
			name = Release;
		};
/* End XCBuildConfiguration section */

/* Begin XCConfigurationList section */
		6EE217432874AF5500729470 /* Build configuration list for PBXProject "Cue" */ = {
			isa = XCConfigurationList;
			buildConfigurations = (
				6EE217752874AF5700729470 /* Debug */,
				6EE217762874AF5700729470 /* Release */,
			);
			defaultConfigurationIsVisible = 0;
			defaultConfigurationName = Release;
		};
		6EE217772874AF5700729470 /* Build configuration list for PBXNativeTarget "Cue" */ = {
			isa = XCConfigurationList;
			buildConfigurations = (
				6EE217782874AF5700729470 /* Debug */,
				6EE217792874AF5700729470 /* Release */,
			);
			defaultConfigurationIsVisible = 0;
			defaultConfigurationName = Release;
		};
		6EE2177A2874AF5700729470 /* Build configuration list for PBXNativeTarget "CueTests" */ = {
			isa = XCConfigurationList;
			buildConfigurations = (
				6EE2177B2874AF5700729470 /* Debug */,
				6EE2177C2874AF5700729470 /* Release */,
			);
			defaultConfigurationIsVisible = 0;
			defaultConfigurationName = Release;
		};
		6EE2177D2874AF5700729470 /* Build configuration list for PBXNativeTarget "CueUITests" */ = {
			isa = XCConfigurationList;
			buildConfigurations = (
				6EE2177E2874AF5700729470 /* Debug */,
				6EE2177F2874AF5700729470 /* Release */,
			);
			defaultConfigurationIsVisible = 0;
			defaultConfigurationName = Release;
		};
/* End XCConfigurationList section */
	};
	rootObject = 6EE217402874AF5500729470 /* Project object */;
}
